// !$*UTF8*$!
{
	archiveVersion = 1;
	classes = {
	};
	objectVersion = 46;
	objects = {

/* Begin PBXBuildFile section */
		1621B6CC220B25F49FAF9A39 /* libPods.a in Frameworks */ = {isa = PBXBuildFile; fileRef = E157B76FB20832E043FF94E7 /* libPods.a */; };
		E242A0BB1AACB35D00BC6ACB /* Favorite.swift in Sources */ = {isa = PBXBuildFile; fileRef = E242A0BA1AACB35D00BC6ACB /* Favorite.swift */; };
		E242A0BE1AACB95E00BC6ACB /* SearchNavigationController.swift in Sources */ = {isa = PBXBuildFile; fileRef = E242A0BD1AACB95E00BC6ACB /* SearchNavigationController.swift */; };
		E242A0C01AACB96F00BC6ACB /* FavoriteNavigationController.swift in Sources */ = {isa = PBXBuildFile; fileRef = E242A0BF1AACB96F00BC6ACB /* FavoriteNavigationController.swift */; };
		E242A0C21AACCB4500BC6ACB /* ShopMapDetailViewController.swift in Sources */ = {isa = PBXBuildFile; fileRef = E242A0C11AACCB4500BC6ACB /* ShopMapDetailViewController.swift */; };
		E242A0C41AACCCA600BC6ACB /* LocationService.swift in Sources */ = {isa = PBXBuildFile; fileRef = E242A0C31AACCCA600BC6ACB /* LocationService.swift */; };
		E242A0D01AACEB8A00BC6ACB /* ShopPhoto.swift in Sources */ = {isa = PBXBuildFile; fileRef = E242A0CF1AACEB8A00BC6ACB /* ShopPhoto.swift */; };
		E242A0D31AACF47900BC6ACB /* PhotoListViewController.swift in Sources */ = {isa = PBXBuildFile; fileRef = E242A0D21AACF47900BC6ACB /* PhotoListViewController.swift */; };
		E242A0D51AACF4A200BC6ACB /* PhotoListItemCollectionViewCell.swift in Sources */ = {isa = PBXBuildFile; fileRef = E242A0D41AACF4A200BC6ACB /* PhotoListItemCollectionViewCell.swift */; };
		E242A0D71AACF4CA00BC6ACB /* PhotoListItemCollectionViewHeader.swift in Sources */ = {isa = PBXBuildFile; fileRef = E242A0D61AACF4CA00BC6ACB /* PhotoListItemCollectionViewHeader.swift */; };
		E242A0D91AACFBA000BC6ACB /* PhotoDetailViewController.swift in Sources */ = {isa = PBXBuildFile; fileRef = E242A0D81AACFBA000BC6ACB /* PhotoDetailViewController.swift */; };
		E242A0E31AAD0B6800BC6ACB /* Licenses.plist in Resources */ = {isa = PBXBuildFile; fileRef = E242A0E21AAD0B6800BC6ACB /* Licenses.plist */; };
		E242A0E61AAD0E6500BC6ACB /* AboutViewController.swift in Sources */ = {isa = PBXBuildFile; fileRef = E242A0E51AAD0E6500BC6ACB /* AboutViewController.swift */; };
		E242A0E81AAD106500BC6ACB /* LicenseListViewController.swift in Sources */ = {isa = PBXBuildFile; fileRef = E242A0E71AAD106500BC6ACB /* LicenseListViewController.swift */; };
		E242A0EA1AAD124300BC6ACB /* LicenseDetailViewController.swift in Sources */ = {isa = PBXBuildFile; fileRef = E242A0E91AAD124300BC6ACB /* LicenseDetailViewController.swift */; };
		E297DE7C1AAB67B700674699 /* AppDelegate.swift in Sources */ = {isa = PBXBuildFile; fileRef = E297DE7B1AAB67B700674699 /* AppDelegate.swift */; };
		E297DE7E1AAB67B700674699 /* ShopListViewController.swift in Sources */ = {isa = PBXBuildFile; fileRef = E297DE7D1AAB67B700674699 /* ShopListViewController.swift */; };
		E297DE811AAB67B700674699 /* Main.storyboard in Resources */ = {isa = PBXBuildFile; fileRef = E297DE7F1AAB67B700674699 /* Main.storyboard */; };
		E297DE831AAB67B700674699 /* Images.xcassets in Resources */ = {isa = PBXBuildFile; fileRef = E297DE821AAB67B700674699 /* Images.xcassets */; };
		E297DE861AAB67B700674699 /* LaunchScreen.xib in Resources */ = {isa = PBXBuildFile; fileRef = E297DE841AAB67B700674699 /* LaunchScreen.xib */; };
		E297DE921AAB67B700674699 /* GourmetSearchTests.swift in Sources */ = {isa = PBXBuildFile; fileRef = E297DE911AAB67B700674699 /* GourmetSearchTests.swift */; };
		E297DEB51AAB7F8100674699 /* ShopListItemTableViewCell.swift in Sources */ = {isa = PBXBuildFile; fileRef = E297DEB41AAB7F8100674699 /* ShopListItemTableViewCell.swift */; };
		E297DEBB1AABF9E800674699 /* YahooLocal.swift in Sources */ = {isa = PBXBuildFile; fileRef = E297DEBA1AABF9E800674699 /* YahooLocal.swift */; };
		E297DEC31AAC78A900674699 /* SearchTopTableViewController.swift in Sources */ = {isa = PBXBuildFile; fileRef = E297DEC21AAC78A900674699 /* SearchTopTableViewController.swift */; };
		E297DEC51AAC7A9500674699 /* FreewordTableViewCell.swift in Sources */ = {isa = PBXBuildFile; fileRef = E297DEC41AAC7A9500674699 /* FreewordTableViewCell.swift */; };
		E297DECD1AACA00E00674699 /* ShopDetailViewController.swift in Sources */ = {isa = PBXBuildFile; fileRef = E297DECC1AACA00E00674699 /* ShopDetailViewController.swift */; };
/* End PBXBuildFile section */

/* Begin PBXContainerItemProxy section */
		E297DE8C1AAB67B700674699 /* PBXContainerItemProxy */ = {
			isa = PBXContainerItemProxy;
			containerPortal = E297DE6E1AAB67B700674699 /* Project object */;
			proxyType = 1;
			remoteGlobalIDString = E297DE751AAB67B700674699;
			remoteInfo = GourmetSearch;
		};
/* End PBXContainerItemProxy section */

/* Begin PBXCopyFilesBuildPhase section */
		E297DEA21AAB6A2E00674699 /* CopyFiles */ = {
			isa = PBXCopyFilesBuildPhase;
			buildActionMask = 2147483647;
			dstPath = "";
			dstSubfolderSpec = 10;
			files = (
			);
			runOnlyForDeploymentPostprocessing = 0;
		};
/* End PBXCopyFilesBuildPhase section */

/* Begin PBXFileReference section */
		8D6312395E51947265C0EC6F /* Pods.release.xcconfig */ = {isa = PBXFileReference; includeInIndex = 1; lastKnownFileType = text.xcconfig; name = Pods.release.xcconfig; path = "Pods/Target Support Files/Pods/Pods.release.xcconfig"; sourceTree = "<group>"; };
		9C5EC02F060B3817D7604D8F /* Pods.debug.xcconfig */ = {isa = PBXFileReference; includeInIndex = 1; lastKnownFileType = text.xcconfig; name = Pods.debug.xcconfig; path = "Pods/Target Support Files/Pods/Pods.debug.xcconfig"; sourceTree = "<group>"; };
		E157B76FB20832E043FF94E7 /* libPods.a */ = {isa = PBXFileReference; explicitFileType = archive.ar; includeInIndex = 0; path = libPods.a; sourceTree = BUILT_PRODUCTS_DIR; };
		E242A0BA1AACB35D00BC6ACB /* Favorite.swift */ = {isa = PBXFileReference; fileEncoding = 4; lastKnownFileType = sourcecode.swift; path = Favorite.swift; sourceTree = "<group>"; };
		E242A0BD1AACB95E00BC6ACB /* SearchNavigationController.swift */ = {isa = PBXFileReference; fileEncoding = 4; lastKnownFileType = sourcecode.swift; path = SearchNavigationController.swift; sourceTree = "<group>"; };
		E242A0BF1AACB96F00BC6ACB /* FavoriteNavigationController.swift */ = {isa = PBXFileReference; fileEncoding = 4; lastKnownFileType = sourcecode.swift; path = FavoriteNavigationController.swift; sourceTree = "<group>"; };
		E242A0C11AACCB4500BC6ACB /* ShopMapDetailViewController.swift */ = {isa = PBXFileReference; fileEncoding = 4; lastKnownFileType = sourcecode.swift; path = ShopMapDetailViewController.swift; sourceTree = "<group>"; };
		E242A0C31AACCCA600BC6ACB /* LocationService.swift */ = {isa = PBXFileReference; fileEncoding = 4; lastKnownFileType = sourcecode.swift; path = LocationService.swift; sourceTree = "<group>"; };
		E242A0CF1AACEB8A00BC6ACB /* ShopPhoto.swift */ = {isa = PBXFileReference; fileEncoding = 4; lastKnownFileType = sourcecode.swift; path = ShopPhoto.swift; sourceTree = "<group>"; };
		E242A0D21AACF47900BC6ACB /* PhotoListViewController.swift */ = {isa = PBXFileReference; fileEncoding = 4; lastKnownFileType = sourcecode.swift; path = PhotoListViewController.swift; sourceTree = "<group>"; };
		E242A0D41AACF4A200BC6ACB /* PhotoListItemCollectionViewCell.swift */ = {isa = PBXFileReference; fileEncoding = 4; lastKnownFileType = sourcecode.swift; path = PhotoListItemCollectionViewCell.swift; sourceTree = "<group>"; };
		E242A0D61AACF4CA00BC6ACB /* PhotoListItemCollectionViewHeader.swift */ = {isa = PBXFileReference; fileEncoding = 4; lastKnownFileType = sourcecode.swift; path = PhotoListItemCollectionViewHeader.swift; sourceTree = "<group>"; };
		E242A0D81AACFBA000BC6ACB /* PhotoDetailViewController.swift */ = {isa = PBXFileReference; fileEncoding = 4; lastKnownFileType = sourcecode.swift; path = PhotoDetailViewController.swift; sourceTree = "<group>"; };
		E242A0E21AAD0B6800BC6ACB /* Licenses.plist */ = {isa = PBXFileReference; fileEncoding = 4; lastKnownFileType = text.plist.xml; path = Licenses.plist; sourceTree = "<group>"; };
		E242A0E51AAD0E6500BC6ACB /* AboutViewController.swift */ = {isa = PBXFileReference; fileEncoding = 4; lastKnownFileType = sourcecode.swift; path = AboutViewController.swift; sourceTree = "<group>"; };
		E242A0E71AAD106500BC6ACB /* LicenseListViewController.swift */ = {isa = PBXFileReference; fileEncoding = 4; lastKnownFileType = sourcecode.swift; path = LicenseListViewController.swift; sourceTree = "<group>"; };
		E242A0E91AAD124300BC6ACB /* LicenseDetailViewController.swift */ = {isa = PBXFileReference; fileEncoding = 4; lastKnownFileType = sourcecode.swift; path = LicenseDetailViewController.swift; sourceTree = "<group>"; };
		E242A0EC1AAD164100BC6ACB /* ja */ = {isa = PBXFileReference; lastKnownFileType = text.plist.strings; name = ja; path = ja.lproj/LaunchScreen.strings; sourceTree = "<group>"; };
		E297DE761AAB67B700674699 /* GourmetSearch.app */ = {isa = PBXFileReference; explicitFileType = wrapper.application; includeInIndex = 0; path = GourmetSearch.app; sourceTree = BUILT_PRODUCTS_DIR; };
		E297DE7A1AAB67B700674699 /* Info.plist */ = {isa = PBXFileReference; lastKnownFileType = text.plist.xml; path = Info.plist; sourceTree = "<group>"; };
		E297DE7B1AAB67B700674699 /* AppDelegate.swift */ = {isa = PBXFileReference; lastKnownFileType = sourcecode.swift; path = AppDelegate.swift; sourceTree = "<group>"; };
		E297DE7D1AAB67B700674699 /* ShopListViewController.swift */ = {isa = PBXFileReference; lastKnownFileType = sourcecode.swift; path = ShopListViewController.swift; sourceTree = "<group>"; };
		E297DE801AAB67B700674699 /* Base */ = {isa = PBXFileReference; lastKnownFileType = file.storyboard; name = Base; path = Base.lproj/Main.storyboard; sourceTree = "<group>"; };
		E297DE821AAB67B700674699 /* Images.xcassets */ = {isa = PBXFileReference; lastKnownFileType = folder.assetcatalog; path = Images.xcassets; sourceTree = "<group>"; };
		E297DE851AAB67B700674699 /* Base */ = {isa = PBXFileReference; lastKnownFileType = file.xib; name = Base; path = Base.lproj/LaunchScreen.xib; sourceTree = "<group>"; };
		E297DE8B1AAB67B700674699 /* GourmetSearchTests.xctest */ = {isa = PBXFileReference; explicitFileType = wrapper.cfbundle; includeInIndex = 0; path = GourmetSearchTests.xctest; sourceTree = BUILT_PRODUCTS_DIR; };
		E297DE901AAB67B700674699 /* Info.plist */ = {isa = PBXFileReference; lastKnownFileType = text.plist.xml; path = Info.plist; sourceTree = "<group>"; };
		E297DE911AAB67B700674699 /* GourmetSearchTests.swift */ = {isa = PBXFileReference; lastKnownFileType = sourcecode.swift; path = GourmetSearchTests.swift; sourceTree = "<group>"; };
		E297DE9B1AAB690A00674699 /* GourmetSearch-Bridging-Header.h */ = {isa = PBXFileReference; lastKnownFileType = sourcecode.c.h; path = "GourmetSearch-Bridging-Header.h"; sourceTree = "<group>"; };
		E297DE9C1AAB690A00674699 /* GourmetSearchTests-Bridging-Header.h */ = {isa = PBXFileReference; lastKnownFileType = sourcecode.c.h; path = "GourmetSearchTests-Bridging-Header.h"; sourceTree = "<group>"; };
		E297DEB41AAB7F8100674699 /* ShopListItemTableViewCell.swift */ = {isa = PBXFileReference; fileEncoding = 4; lastKnownFileType = sourcecode.swift; path = ShopListItemTableViewCell.swift; sourceTree = "<group>"; };
		E297DEBA1AABF9E800674699 /* YahooLocal.swift */ = {isa = PBXFileReference; fileEncoding = 4; lastKnownFileType = sourcecode.swift; path = YahooLocal.swift; sourceTree = "<group>"; };
		E297DEC21AAC78A900674699 /* SearchTopTableViewController.swift */ = {isa = PBXFileReference; fileEncoding = 4; lastKnownFileType = sourcecode.swift; path = SearchTopTableViewController.swift; sourceTree = "<group>"; };
		E297DEC41AAC7A9500674699 /* FreewordTableViewCell.swift */ = {isa = PBXFileReference; fileEncoding = 4; lastKnownFileType = sourcecode.swift; path = FreewordTableViewCell.swift; sourceTree = "<group>"; };
		E297DECC1AACA00E00674699 /* ShopDetailViewController.swift */ = {isa = PBXFileReference; fileEncoding = 4; lastKnownFileType = sourcecode.swift; path = ShopDetailViewController.swift; sourceTree = "<group>"; };
		E2BDB9741B4EF26E00BFB0A3 /* Alamofire.framework */ = {isa = PBXFileReference; lastKnownFileType = wrapper.framework; name = Alamofire.framework; path = "../../../../Library/Developer/Xcode/DerivedData/GourmetSearch-hlbzhhlsxolbrwbojajsicswhmyp/Build/Products/Debug-iphoneos/Alamofire.framework"; sourceTree = "<group>"; };
		E2BDB9751B4EF26E00BFB0A3 /* SwiftyJSON.framework */ = {isa = PBXFileReference; lastKnownFileType = wrapper.framework; name = SwiftyJSON.framework; path = "../../../../Library/Developer/Xcode/DerivedData/GourmetSearch-hlbzhhlsxolbrwbojajsicswhmyp/Build/Products/Debug-iphoneos/SwiftyJSON.framework"; sourceTree = "<group>"; };
/* End PBXFileReference section */

/* Begin PBXFrameworksBuildPhase section */
		E297DE731AAB67B700674699 /* Frameworks */ = {
			isa = PBXFrameworksBuildPhase;
			buildActionMask = 2147483647;
			files = (
				1621B6CC220B25F49FAF9A39 /* libPods.a in Frameworks */,
			);
			runOnlyForDeploymentPostprocessing = 0;
		};
		E297DE881AAB67B700674699 /* Frameworks */ = {
			isa = PBXFrameworksBuildPhase;
			buildActionMask = 2147483647;
			files = (
			);
			runOnlyForDeploymentPostprocessing = 0;
		};
/* End PBXFrameworksBuildPhase section */

/* Begin PBXGroup section */
		53B723508BC818048C754F68 /* Pods */ = {
			isa = PBXGroup;
			children = (
				9C5EC02F060B3817D7604D8F /* Pods.debug.xcconfig */,
				8D6312395E51947265C0EC6F /* Pods.release.xcconfig */,
			);
			name = Pods;
			sourceTree = "<group>";
		};
		55B8DC14813819EAECBA2EAE /* Frameworks */ = {
			isa = PBXGroup;
			children = (
				E2BDB9741B4EF26E00BFB0A3 /* Alamofire.framework */,
				E2BDB9751B4EF26E00BFB0A3 /* SwiftyJSON.framework */,
				E157B76FB20832E043FF94E7 /* libPods.a */,
			);
			name = Frameworks;
			sourceTree = "<group>";
		};
		E242A0BC1AACB93100BC6ACB /* Tabs */ = {
			isa = PBXGroup;
			children = (
				E242A0BD1AACB95E00BC6ACB /* SearchNavigationController.swift */,
				E242A0BF1AACB96F00BC6ACB /* FavoriteNavigationController.swift */,
			);
			name = Tabs;
			sourceTree = "<group>";
		};
		E242A0D11AACF46000BC6ACB /* PhotoList */ = {
			isa = PBXGroup;
			children = (
				E242A0D21AACF47900BC6ACB /* PhotoListViewController.swift */,
				E242A0D41AACF4A200BC6ACB /* PhotoListItemCollectionViewCell.swift */,
				E242A0D61AACF4CA00BC6ACB /* PhotoListItemCollectionViewHeader.swift */,
				E242A0D81AACFBA000BC6ACB /* PhotoDetailViewController.swift */,
			);
			name = PhotoList;
			sourceTree = "<group>";
		};
		E242A0E41AAD0E5400BC6ACB /* About */ = {
			isa = PBXGroup;
			children = (
				E242A0E51AAD0E6500BC6ACB /* AboutViewController.swift */,
				E242A0E71AAD106500BC6ACB /* LicenseListViewController.swift */,
				E242A0E91AAD124300BC6ACB /* LicenseDetailViewController.swift */,
			);
			name = About;
			sourceTree = "<group>";
		};
		E297DE6D1AAB67B700674699 = {
			isa = PBXGroup;
			children = (
				E297DE781AAB67B700674699 /* GourmetSearch */,
				E297DE8E1AAB67B700674699 /* GourmetSearchTests */,
				E297DE771AAB67B700674699 /* Products */,
				53B723508BC818048C754F68 /* Pods */,
				55B8DC14813819EAECBA2EAE /* Frameworks */,
			);
			sourceTree = "<group>";
		};
		E297DE771AAB67B700674699 /* Products */ = {
			isa = PBXGroup;
			children = (
				E297DE761AAB67B700674699 /* GourmetSearch.app */,
				E297DE8B1AAB67B700674699 /* GourmetSearchTests.xctest */,
			);
			name = Products;
			sourceTree = "<group>";
		};
		E297DE781AAB67B700674699 /* GourmetSearch */ = {
			isa = PBXGroup;
			children = (
				E242A0E41AAD0E5400BC6ACB /* About */,
				E242A0D11AACF46000BC6ACB /* PhotoList */,
				E242A0BC1AACB93100BC6ACB /* Tabs */,
				E297DEB91AABF9C400674699 /* Common */,
				E297DEB61AAB7F8D00674699 /* ShopList */,
				E297DE7B1AAB67B700674699 /* AppDelegate.swift */,
				E297DE7F1AAB67B700674699 /* Main.storyboard */,
				E297DE821AAB67B700674699 /* Images.xcassets */,
				E297DE841AAB67B700674699 /* LaunchScreen.xib */,
				E297DE791AAB67B700674699 /* Supporting Files */,
				E297DE9B1AAB690A00674699 /* GourmetSearch-Bridging-Header.h */,
				E297DE9C1AAB690A00674699 /* GourmetSearchTests-Bridging-Header.h */,
			);
			path = GourmetSearch;
			sourceTree = "<group>";
		};
		E297DE791AAB67B700674699 /* Supporting Files */ = {
			isa = PBXGroup;
			children = (
				E297DE7A1AAB67B700674699 /* Info.plist */,
				E242A0E21AAD0B6800BC6ACB /* Licenses.plist */,
			);
			name = "Supporting Files";
			sourceTree = "<group>";
		};
		E297DE8E1AAB67B700674699 /* GourmetSearchTests */ = {
			isa = PBXGroup;
			children = (
				E297DE911AAB67B700674699 /* GourmetSearchTests.swift */,
				E297DE8F1AAB67B700674699 /* Supporting Files */,
			);
			path = GourmetSearchTests;
			sourceTree = "<group>";
		};
		E297DE8F1AAB67B700674699 /* Supporting Files */ = {
			isa = PBXGroup;
			children = (
				E297DE901AAB67B700674699 /* Info.plist */,
			);
			name = "Supporting Files";
			sourceTree = "<group>";
		};
		E297DEB61AAB7F8D00674699 /* ShopList */ = {
			isa = PBXGroup;
			children = (
				E297DEB41AAB7F8100674699 /* ShopListItemTableViewCell.swift */,
				E297DE7D1AAB67B700674699 /* ShopListViewController.swift */,
				E297DEC21AAC78A900674699 /* SearchTopTableViewController.swift */,
				E297DEC41AAC7A9500674699 /* FreewordTableViewCell.swift */,
				E297DECC1AACA00E00674699 /* ShopDetailViewController.swift */,
				E242A0C11AACCB4500BC6ACB /* ShopMapDetailViewController.swift */,
			);
			name = ShopList;
			sourceTree = "<group>";
		};
		E297DEB91AABF9C400674699 /* Common */ = {
			isa = PBXGroup;
			children = (
				E297DEBA1AABF9E800674699 /* YahooLocal.swift */,
				E242A0BA1AACB35D00BC6ACB /* Favorite.swift */,
				E242A0C31AACCCA600BC6ACB /* LocationService.swift */,
				E242A0CF1AACEB8A00BC6ACB /* ShopPhoto.swift */,
			);
			name = Common;
			sourceTree = "<group>";
		};
/* End PBXGroup section */

/* Begin PBXNativeTarget section */
		E297DE751AAB67B700674699 /* GourmetSearch */ = {
			isa = PBXNativeTarget;
			buildConfigurationList = E297DE951AAB67B700674699 /* Build configuration list for PBXNativeTarget "GourmetSearch" */;
			buildPhases = (
				24F90F0821326EF380B118E1 /* Check Pods Manifest.lock */,
				E297DE721AAB67B700674699 /* Sources */,
				E297DE731AAB67B700674699 /* Frameworks */,
				E297DE741AAB67B700674699 /* Resources */,
				16BFCA667B2F4A443E81C925 /* Copy Pods Resources */,
				E297DEA21AAB6A2E00674699 /* CopyFiles */,
			);
			buildRules = (
			);
			dependencies = (
			);
			name = GourmetSearch;
			productName = GourmetSearch;
			productReference = E297DE761AAB67B700674699 /* GourmetSearch.app */;
			productType = "com.apple.product-type.application";
		};
		E297DE8A1AAB67B700674699 /* GourmetSearchTests */ = {
			isa = PBXNativeTarget;
			buildConfigurationList = E297DE981AAB67B700674699 /* Build configuration list for PBXNativeTarget "GourmetSearchTests" */;
			buildPhases = (
				E297DE871AAB67B700674699 /* Sources */,
				E297DE881AAB67B700674699 /* Frameworks */,
				E297DE891AAB67B700674699 /* Resources */,
			);
			buildRules = (
			);
			dependencies = (
				E297DE8D1AAB67B700674699 /* PBXTargetDependency */,
			);
			name = GourmetSearchTests;
			productName = GourmetSearchTests;
			productReference = E297DE8B1AAB67B700674699 /* GourmetSearchTests.xctest */;
			productType = "com.apple.product-type.bundle.unit-test";
		};
/* End PBXNativeTarget section */

/* Begin PBXProject section */
		E297DE6E1AAB67B700674699 /* Project object */ = {
			isa = PBXProject;
			attributes = {
				LastUpgradeCheck = 0610;
				ORGANIZATIONNAME = "Digital Circus Inc.";
				TargetAttributes = {
					E297DE751AAB67B700674699 = {
						CreatedOnToolsVersion = 6.1.1;
					};
					E297DE8A1AAB67B700674699 = {
						CreatedOnToolsVersion = 6.1.1;
						TestTargetID = E297DE751AAB67B700674699;
					};
				};
			};
			buildConfigurationList = E297DE711AAB67B700674699 /* Build configuration list for PBXProject "GourmetSearch" */;
			compatibilityVersion = "Xcode 3.2";
			developmentRegion = English;
			hasScannedForEncodings = 0;
			knownRegions = (
				Base,
				ja,
			);
			mainGroup = E297DE6D1AAB67B700674699;
			productRefGroup = E297DE771AAB67B700674699 /* Products */;
			projectDirPath = "";
			projectRoot = "";
			targets = (
				E297DE751AAB67B700674699 /* GourmetSearch */,
				E297DE8A1AAB67B700674699 /* GourmetSearchTests */,
			);
		};
/* End PBXProject section */

/* Begin PBXResourcesBuildPhase section */
		E297DE741AAB67B700674699 /* Resources */ = {
			isa = PBXResourcesBuildPhase;
			buildActionMask = 2147483647;
			files = (
				E297DE811AAB67B700674699 /* Main.storyboard in Resources */,
				E297DE861AAB67B700674699 /* LaunchScreen.xib in Resources */,
				E242A0E31AAD0B6800BC6ACB /* Licenses.plist in Resources */,
				E297DE831AAB67B700674699 /* Images.xcassets in Resources */,
			);
			runOnlyForDeploymentPostprocessing = 0;
		};
		E297DE891AAB67B700674699 /* Resources */ = {
			isa = PBXResourcesBuildPhase;
			buildActionMask = 2147483647;
			files = (
			);
			runOnlyForDeploymentPostprocessing = 0;
		};
/* End PBXResourcesBuildPhase section */

/* Begin PBXShellScriptBuildPhase section */
		16BFCA667B2F4A443E81C925 /* Copy Pods Resources */ = {
			isa = PBXShellScriptBuildPhase;
			buildActionMask = 2147483647;
			files = (
			);
			inputPaths = (
			);
			name = "Copy Pods Resources";
			outputPaths = (
			);
			runOnlyForDeploymentPostprocessing = 0;
			shellPath = /bin/sh;
			shellScript = "\"${SRCROOT}/Pods/Target Support Files/Pods/Pods-resources.sh\"\n";
			showEnvVarsInLog = 0;
		};
		24F90F0821326EF380B118E1 /* Check Pods Manifest.lock */ = {
			isa = PBXShellScriptBuildPhase;
			buildActionMask = 2147483647;
			files = (
			);
			inputPaths = (
			);
			name = "Check Pods Manifest.lock";
			outputPaths = (
			);
			runOnlyForDeploymentPostprocessing = 0;
			shellPath = /bin/sh;
			shellScript = "diff \"${PODS_ROOT}/../Podfile.lock\" \"${PODS_ROOT}/Manifest.lock\" > /dev/null\nif [[ $? != 0 ]] ; then\n    cat << EOM\nerror: The sandbox is not in sync with the Podfile.lock. Run 'pod install' or update your CocoaPods installation.\nEOM\n    exit 1\nfi\n";
			showEnvVarsInLog = 0;
		};
/* End PBXShellScriptBuildPhase section */

/* Begin PBXSourcesBuildPhase section */
		E297DE721AAB67B700674699 /* Sources */ = {
			isa = PBXSourcesBuildPhase;
			buildActionMask = 2147483647;
			files = (
				E242A0C21AACCB4500BC6ACB /* ShopMapDetailViewController.swift in Sources */,
				E297DEB51AAB7F8100674699 /* ShopListItemTableViewCell.swift in Sources */,
				E297DE7E1AAB67B700674699 /* ShopListViewController.swift in Sources */,
				E297DEBB1AABF9E800674699 /* YahooLocal.swift in Sources */,
				E297DEC51AAC7A9500674699 /* FreewordTableViewCell.swift in Sources */,
				E297DECD1AACA00E00674699 /* ShopDetailViewController.swift in Sources */,
				E242A0BB1AACB35D00BC6ACB /* Favorite.swift in Sources */,
				E242A0D71AACF4CA00BC6ACB /* PhotoListItemCollectionViewHeader.swift in Sources */,
				E297DE7C1AAB67B700674699 /* AppDelegate.swift in Sources */,
				E242A0D91AACFBA000BC6ACB /* PhotoDetailViewController.swift in Sources */,
				E242A0C01AACB96F00BC6ACB /* FavoriteNavigationController.swift in Sources */,
				E297DEC31AAC78A900674699 /* SearchTopTableViewController.swift in Sources */,
				E242A0E61AAD0E6500BC6ACB /* AboutViewController.swift in Sources */,
				E242A0C41AACCCA600BC6ACB /* LocationService.swift in Sources */,
				E242A0D51AACF4A200BC6ACB /* PhotoListItemCollectionViewCell.swift in Sources */,
				E242A0D31AACF47900BC6ACB /* PhotoListViewController.swift in Sources */,
				E242A0D01AACEB8A00BC6ACB /* ShopPhoto.swift in Sources */,
				E242A0BE1AACB95E00BC6ACB /* SearchNavigationController.swift in Sources */,
				E242A0E81AAD106500BC6ACB /* LicenseListViewController.swift in Sources */,
				E242A0EA1AAD124300BC6ACB /* LicenseDetailViewController.swift in Sources */,
			);
			runOnlyForDeploymentPostprocessing = 0;
		};
		E297DE871AAB67B700674699 /* Sources */ = {
			isa = PBXSourcesBuildPhase;
			buildActionMask = 2147483647;
			files = (
				E297DE921AAB67B700674699 /* GourmetSearchTests.swift in Sources */,
			);
			runOnlyForDeploymentPostprocessing = 0;
		};
/* End PBXSourcesBuildPhase section */

/* Begin PBXTargetDependency section */
		E297DE8D1AAB67B700674699 /* PBXTargetDependency */ = {
			isa = PBXTargetDependency;
			target = E297DE751AAB67B700674699 /* GourmetSearch */;
			targetProxy = E297DE8C1AAB67B700674699 /* PBXContainerItemProxy */;
		};
/* End PBXTargetDependency section */

/* Begin PBXVariantGroup section */
		E297DE7F1AAB67B700674699 /* Main.storyboard */ = {
			isa = PBXVariantGroup;
			children = (
				E297DE801AAB67B700674699 /* Base */,
			);
			name = Main.storyboard;
			sourceTree = "<group>";
		};
		E297DE841AAB67B700674699 /* LaunchScreen.xib */ = {
			isa = PBXVariantGroup;
			children = (
				E297DE851AAB67B700674699 /* Base */,
				E242A0EC1AAD164100BC6ACB /* ja */,
			);
			name = LaunchScreen.xib;
			sourceTree = "<group>";
		};
/* End PBXVariantGroup section */

/* Begin XCBuildConfiguration section */
		E297DE931AAB67B700674699 /* Debug */ = {
			isa = XCBuildConfiguration;
			buildSettings = {
				ALWAYS_SEARCH_USER_PATHS = NO;
				CLANG_CXX_LANGUAGE_STANDARD = "gnu++0x";
				CLANG_CXX_LIBRARY = "libc++";
				CLANG_ENABLE_MODULES = YES;
				CLANG_ENABLE_OBJC_ARC = YES;
				CLANG_WARN_BOOL_CONVERSION = YES;
				CLANG_WARN_CONSTANT_CONVERSION = YES;
				CLANG_WARN_DIRECT_OBJC_ISA_USAGE = YES_ERROR;
				CLANG_WARN_EMPTY_BODY = YES;
				CLANG_WARN_ENUM_CONVERSION = YES;
				CLANG_WARN_INT_CONVERSION = YES;
				CLANG_WARN_OBJC_ROOT_CLASS = YES_ERROR;
				CLANG_WARN_UNREACHABLE_CODE = YES;
				CLANG_WARN__DUPLICATE_METHOD_MATCH = YES;
				"CODE_SIGN_IDENTITY[sdk=iphoneos*]" = "iPhone Developer";
				COPY_PHASE_STRIP = NO;
				ENABLE_STRICT_OBJC_MSGSEND = YES;
				GCC_C_LANGUAGE_STANDARD = gnu99;
				GCC_DYNAMIC_NO_PIC = NO;
				GCC_OPTIMIZATION_LEVEL = 0;
				GCC_PREPROCESSOR_DEFINITIONS = (
					"DEBUG=1",
					"$(inherited)",
				);
				GCC_SYMBOLS_PRIVATE_EXTERN = NO;
				GCC_WARN_64_TO_32_BIT_CONVERSION = YES;
				GCC_WARN_ABOUT_RETURN_TYPE = YES_ERROR;
				GCC_WARN_UNDECLARED_SELECTOR = YES;
				GCC_WARN_UNINITIALIZED_AUTOS = YES_AGGRESSIVE;
				GCC_WARN_UNUSED_FUNCTION = YES;
				GCC_WARN_UNUSED_VARIABLE = YES;
				IPHONEOS_DEPLOYMENT_TARGET = 8.0;
				MTL_ENABLE_DEBUG_INFO = YES;
				ONLY_ACTIVE_ARCH = YES;
				SDKROOT = iphoneos;
				SWIFT_OPTIMIZATION_LEVEL = "-Onone";
			};
			name = Debug;
		};
		E297DE941AAB67B700674699 /* Release */ = {
			isa = XCBuildConfiguration;
			buildSettings = {
				ALWAYS_SEARCH_USER_PATHS = NO;
				CLANG_CXX_LANGUAGE_STANDARD = "gnu++0x";
				CLANG_CXX_LIBRARY = "libc++";
				CLANG_ENABLE_MODULES = YES;
				CLANG_ENABLE_OBJC_ARC = YES;
				CLANG_WARN_BOOL_CONVERSION = YES;
				CLANG_WARN_CONSTANT_CONVERSION = YES;
				CLANG_WARN_DIRECT_OBJC_ISA_USAGE = YES_ERROR;
				CLANG_WARN_EMPTY_BODY = YES;
				CLANG_WARN_ENUM_CONVERSION = YES;
				CLANG_WARN_INT_CONVERSION = YES;
				CLANG_WARN_OBJC_ROOT_CLASS = YES_ERROR;
				CLANG_WARN_UNREACHABLE_CODE = YES;
				CLANG_WARN__DUPLICATE_METHOD_MATCH = YES;
				"CODE_SIGN_IDENTITY[sdk=iphoneos*]" = "iPhone Developer";
				COPY_PHASE_STRIP = YES;
				ENABLE_NS_ASSERTIONS = NO;
				ENABLE_STRICT_OBJC_MSGSEND = YES;
				GCC_C_LANGUAGE_STANDARD = gnu99;
				GCC_WARN_64_TO_32_BIT_CONVERSION = YES;
				GCC_WARN_ABOUT_RETURN_TYPE = YES_ERROR;
				GCC_WARN_UNDECLARED_SELECTOR = YES;
				GCC_WARN_UNINITIALIZED_AUTOS = YES_AGGRESSIVE;
				GCC_WARN_UNUSED_FUNCTION = YES;
				GCC_WARN_UNUSED_VARIABLE = YES;
				IPHONEOS_DEPLOYMENT_TARGET = 8.0;
				MTL_ENABLE_DEBUG_INFO = NO;
				SDKROOT = iphoneos;
				VALIDATE_PRODUCT = YES;
			};
			name = Release;
		};
		E297DE961AAB67B700674699 /* Debug */ = {
			isa = XCBuildConfiguration;
			baseConfigurationReference = 9C5EC02F060B3817D7604D8F /* Pods.debug.xcconfig */;
			buildSettings = {
				ASSETCATALOG_COMPILER_APPICON_NAME = AppIcon;
				CLANG_ENABLE_MODULES = YES;
				FRAMEWORK_SEARCH_PATHS = (
					"$(inherited)",
					"$(USER_LIBRARY_DIR)/Developer/Xcode/DerivedData/GourmetSearch-cayjaonliyhnyodwugfmcquzvmwd/Build/Products/Debug-iphoneos",
					"$(USER_LIBRARY_DIR)/Developer/Xcode/DerivedData/GourmetSearch-dzlagygblexlouatgdrkhucjuwwf/Build/Products/Debug-iphoneos",
					"$(USER_LIBRARY_DIR)/Developer/Xcode/DerivedData/GourmetSearch-cahcwjitjmtqmbgwwnceyeqqvqwp/Build/Products/Debug-iphoneos",
					"$(PROJECT_DIR)/Alamofire-SwiftyJSON/Alamofire/build/Debug-iphoneos",
					"$(PROJECT_DIR)/Alamofire-SwiftyJSON/SwiftyJSON/build/Debug-iphoneos",
					"$(PROJECT_DIR)/Alamofire-SwiftyJSON/build/Debug-iphoneos",
					"$(USER_LIBRARY_DIR)/Developer/Xcode/DerivedData/GourmetSearch-hlbzhhlsxolbrwbojajsicswhmyp/Build/Products/Debug-iphoneos",
				);
				INFOPLIST_FILE = GourmetSearch/Info.plist;
				LD_RUNPATH_SEARCH_PATHS = "$(inherited) @executable_path/Frameworks";
				PRODUCT_NAME = "$(TARGET_NAME)";
				SWIFT_OBJC_BRIDGING_HEADER = "GourmetSearch/GourmetSearch-Bridging-Header.h";
				SWIFT_OPTIMIZATION_LEVEL = "-Onone";
			};
			name = Debug;
		};
		E297DE971AAB67B700674699 /* Release */ = {
			isa = XCBuildConfiguration;
			baseConfigurationReference = 8D6312395E51947265C0EC6F /* Pods.release.xcconfig */;
			buildSettings = {
				ASSETCATALOG_COMPILER_APPICON_NAME = AppIcon;
				CLANG_ENABLE_MODULES = YES;
				FRAMEWORK_SEARCH_PATHS = (
					"$(inherited)",
					"$(USER_LIBRARY_DIR)/Developer/Xcode/DerivedData/GourmetSearch-cayjaonliyhnyodwugfmcquzvmwd/Build/Products/Debug-iphoneos",
					"$(USER_LIBRARY_DIR)/Developer/Xcode/DerivedData/GourmetSearch-dzlagygblexlouatgdrkhucjuwwf/Build/Products/Debug-iphoneos",
					"$(USER_LIBRARY_DIR)/Developer/Xcode/DerivedData/GourmetSearch-cahcwjitjmtqmbgwwnceyeqqvqwp/Build/Products/Debug-iphoneos",
					"$(PROJECT_DIR)/Alamofire-SwiftyJSON/Alamofire/build/Debug-iphoneos",
					"$(PROJECT_DIR)/Alamofire-SwiftyJSON/SwiftyJSON/build/Debug-iphoneos",
					"$(PROJECT_DIR)/Alamofire-SwiftyJSON/build/Debug-iphoneos",
					"$(USER_LIBRARY_DIR)/Developer/Xcode/DerivedData/GourmetSearch-hlbzhhlsxolbrwbojajsicswhmyp/Build/Products/Debug-iphoneos",
				);
				INFOPLIST_FILE = GourmetSearch/Info.plist;
				LD_RUNPATH_SEARCH_PATHS = "$(inherited) @executable_path/Frameworks";
				PRODUCT_NAME = "$(TARGET_NAME)";
				SWIFT_OBJC_BRIDGING_HEADER = "GourmetSearch/GourmetSearch-Bridging-Header.h";
			};
			name = Release;
		};
		E297DE991AAB67B700674699 /* Debug */ = {
			isa = XCBuildConfiguration;
			buildSettings = {
				BUNDLE_LOADER = "$(TEST_HOST)";
				CLANG_ENABLE_MODULES = YES;
				FRAMEWORK_SEARCH_PATHS = (
					"$(SDKROOT)/Developer/Library/Frameworks",
					"$(inherited)",
				);
				GCC_PREPROCESSOR_DEFINITIONS = (
					"DEBUG=1",
					"$(inherited)",
				);
				INFOPLIST_FILE = GourmetSearchTests/Info.plist;
				LD_RUNPATH_SEARCH_PATHS = "$(inherited) @executable_path/Frameworks @loader_path/Frameworks";
				PRODUCT_NAME = "$(TARGET_NAME)";
				SWIFT_OBJC_BRIDGING_HEADER = "GourmetSearch/GourmetSearchTests-Bridging-Header.h";
				SWIFT_OPTIMIZATION_LEVEL = "-Onone";
				TEST_HOST = "$(BUILT_PRODUCTS_DIR)/GourmetSearch.app/GourmetSearch";
			};
			name = Debug;
		};
		E297DE9A1AAB67B700674699 /* Release */ = {
			isa = XCBuildConfiguration;
			buildSettings = {
				BUNDLE_LOADER = "$(TEST_HOST)";
				CLANG_ENABLE_MODULES = YES;
				FRAMEWORK_SEARCH_PATHS = (
					"$(SDKROOT)/Developer/Library/Frameworks",
					"$(inherited)",
				);
				INFOPLIST_FILE = GourmetSearchTests/Info.plist;
				LD_RUNPATH_SEARCH_PATHS = "$(inherited) @executable_path/Frameworks @loader_path/Frameworks";
				PRODUCT_NAME = "$(TARGET_NAME)";
				SWIFT_OBJC_BRIDGING_HEADER = "GourmetSearch/GourmetSearchTests-Bridging-Header.h";
				TEST_HOST = "$(BUILT_PRODUCTS_DIR)/GourmetSearch.app/GourmetSearch";
			};
			name = Release;
		};
/* End XCBuildConfiguration section */

/* Begin XCConfigurationList section */
		E297DE711AAB67B700674699 /* Build configuration list for PBXProject "GourmetSearch" */ = {
			isa = XCConfigurationList;
			buildConfigurations = (
				E297DE931AAB67B700674699 /* Debug */,
				E297DE941AAB67B700674699 /* Release */,
			);
			defaultConfigurationIsVisible = 0;
			defaultConfigurationName = Release;
		};
		E297DE951AAB67B700674699 /* Build configuration list for PBXNativeTarget "GourmetSearch" */ = {
			isa = XCConfigurationList;
			buildConfigurations = (
				E297DE961AAB67B700674699 /* Debug */,
				E297DE971AAB67B700674699 /* Release */,
			);
			defaultConfigurationIsVisible = 0;
			defaultConfigurationName = Release;
		};
		E297DE981AAB67B700674699 /* Build configuration list for PBXNativeTarget "GourmetSearchTests" */ = {
			isa = XCConfigurationList;
			buildConfigurations = (
				E297DE991AAB67B700674699 /* Debug */,
				E297DE9A1AAB67B700674699 /* Release */,
			);
			defaultConfigurationIsVisible = 0;
			defaultConfigurationName = Release;
		};
/* End XCConfigurationList section */
	};
	rootObject = E297DE6E1AAB67B700674699 /* Project object */;
}
